{
  "name": "resource-server-manage-web",
  "version": "0.0.1",
  "lockfileVersion": 1,
  "requires": true,
  "dependencies": {
    "area-data": {
      "version": "1.0.0",
      "resolved": "https://registry.npmjs.org/area-data/-/area-data-1.0.0.tgz",
      "integrity": "sha512-tTdvX5nJRoj+LEu3K0ldoP5rIjuChJmA/KcfX7HVT5GovvhvAvWYSKrIBr5W6CUAKf844Q+ooThH/vtSGfy0nQ=="
    },
    "autoprefixer-loader": {
      "version": "3.2.0",
      "resolved": "https://registry.npmjs.org/autoprefixer-loader/-/autoprefixer-loader-3.2.0.tgz",
      "integrity": "sha1-Oae2ZGqCaYZQc9lYyX9IYVLCyEo=",
      "dev": true
    },
    "axios": {
      "version": "0.21.1",
      "resolved": "https://registry.npmjs.org/axios/-/axios-0.21.1.tgz",
      "integrity": "sha512-dKQiRHxGD9PPRIUNIWvZhPTPpl1rf/OxTYKsqKUDjBwYylTvV7SjSHJb9ratfyzM6wCdLCOYLzs73qpg5c4iGA==",
      "requires": {
        "follow-redirects": "^1.10.0"
      },
      "dependencies": {
        "follow-redirects": {
          "version": "1.13.1",
          "resolved": "https://registry.npmjs.org/follow-redirects/-/follow-redirects-1.13.1.tgz",
          "integrity": "sha512-SSG5xmZh1mkPGyKzjZP8zLjltIfpW32Y5QpdNJyjcfGxK3qo3NDDkZOZSFiGn1A6SclQxY9GzEwAHQ3dmYRWpg=="
        }
      }
    },
    "babel": {
      "version": "6.23.0",
      "resolved": "https://registry.npmjs.org/babel/-/babel-6.23.0.tgz",
      "integrity": "sha1-0NHn2APpdHZb7qMjLU4VPA77kPQ=",
      "dev": true
    },
    "babel-core": {
      "version": "6.26.0",
      "resolved": "https://registry.npmjs.org/babel-core/-/babel-core-6.26.0.tgz",
      "integrity": "sha1-rzL3izGm/O8RnIew/Y2XU/A6C7g=",
      "dev": true,
      "dependencies": {
        "debug": {
          "version": "2.6.9",
          "resolved": "https://registry.npmjs.org/debug/-/debug-2.6.9.tgz",
          "integrity": "sha512-bC7ElrdJaJnPbAP+1EotYvqZsb3ecl5wi6Bfi6BJTUcNowp6cvspg0jXznRTKDjm/E7AdgFBVeAPVMNcKGsHMA=="
        }
      }
    },
    "babel-eslint": {
      "version": "8.2.1",
      "resolved": "https://registry.npmjs.org/babel-eslint/-/babel-eslint-8.2.1.tgz",
      "integrity": "sha512-RzdVOyWKQRUnLXhwLk+eKb4oyW+BykZSkpYwFhM4tnfzAG5OWfvG0w/uyzMp5XKEU0jN82+JefHr39bG2+KhRQ==",
      "dev": true,
      "dependencies": {
        "babylon": {
          "version": "7.0.0-beta.36",
          "resolved": "https://registry.npmjs.org/babylon/-/babylon-7.0.0-beta.36.tgz",
          "integrity": "sha512-rw4YdadGwajAMMRl6a5swhQ0JCOOFyaYCfJ0AsmNBD8uBD/r4J8mux7wBaqavvFKqUKQYWOzA1Speams4YDzsQ=="
        }
      }
    },
    "babel-loader": {
      "version": "7.1.2",
      "resolved": "https://registry.npmjs.org/babel-loader/-/babel-loader-7.1.2.tgz",
      "integrity": "sha512-jRwlFbINAeyDStqK6Dd5YuY0k5YuzQUvlz2ZamuXrXmxav3pNqe9vfJ402+2G+OmlJSXxCOpB6Uz0INM7RQe2A==",
      "dev": true,
      "dependencies": {
        "loader-utils": {
          "version": "1.1.0",
          "resolved": "https://registry.npmjs.org/loader-utils/-/loader-utils-1.1.0.tgz",
          "integrity": "sha1-yYrvSIvM7aL/teLeZG1qdUQp9c0="
        }
      }
    },
    "babel-plugin-syntax-dynamic-import": {
      "version": "6.18.0",
      "resolved": "https://registry.npmjs.org/babel-plugin-syntax-dynamic-import/-/babel-plugin-syntax-dynamic-import-6.18.0.tgz",
      "integrity": "sha1-jWomIpyDdFqZgqRBBRVyyqF5sdo=",
      "dev": true
    },
    "babel-plugin-transform-runtime": {
      "version": "6.23.0",
      "resolved": "https://registry.npmjs.org/babel-plugin-transform-runtime/-/babel-plugin-transform-runtime-6.23.0.tgz",
      "integrity": "sha1-iEkNRGUC6puOfvsP4J7E2ZR5se4=",
      "dev": true
    },
    "babel-preset-env": {
      "version": "1.6.1",
      "resolved": "https://registry.npmjs.org/babel-preset-env/-/babel-preset-env-1.6.1.tgz",
      "integrity": "sha512-W6VIyA6Ch9ePMI7VptNn2wBM6dbG0eSz25HEiL40nQXCsXGTGZSTZu1Iap+cj3Q0S5a7T9+529l/5Bkvd+afNA==",
      "dev": true,
      "dependencies": {
        "browserslist": {
          "version": "2.10.0",
          "resolved": "https://registry.npmjs.org/browserslist/-/browserslist-2.10.0.tgz",
          "integrity": "sha512-WyvzSLsuAVPOjbljXnyeWl14Ae+ukAT8MUuagKVzIDvwBxl4UAwD1xqtyQs2eWYPGUKMeC3Ol62goqYuKqTTcw=="
        }
      }
    },
    "babel-preset-es2015": {
      "version": "6.24.1",
      "resolved": "https://registry.npmjs.org/babel-preset-es2015/-/babel-preset-es2015-6.24.1.tgz",
      "integrity": "sha1-1EBQ1rwsn+6nAqrzjXJ6AhBTiTk=",
      "dev": true
    },
    "babel-preset-stage-3": {
      "version": "6.24.1",
      "resolved": "https://registry.npmjs.org/babel-preset-stage-3/-/babel-preset-stage-3-6.24.1.tgz",
      "integrity": "sha1-g2raCp56f6N8sTj7kyb4eTSkg5U=",
      "dev": true
    },
    "babel-runtime": {
      "version": "6.26.0",
      "resolved": "https://registry.npmjs.org/babel-runtime/-/babel-runtime-6.26.0.tgz",
      "integrity": "sha1-llxwWGaOgrVde/4E/yM3vItWR/4=",
      "dev": true
    },
    "clean-webpack-plugin": {
      "version": "0.1.17",
      "resolved": "https://registry.npmjs.org/clean-webpack-plugin/-/clean-webpack-plugin-0.1.17.tgz",
      "integrity": "sha512-Bts/V725v8Ijosp4K1cqppQXgXcrohxoMsg0CV2xL4y/vua1G5pAfHEW/eJIiKF+GNNG72mdjbipxMRFEms7yg==",
      "dev": true
    },
    "clipboard": {
      "version": "1.7.1",
      "resolved": "https://registry.npmjs.org/clipboard/-/clipboard-1.7.1.tgz",
      "integrity": "sha1-Ng1taUbpmnof7zleQrqStem1oWs="
    },
    "copy-webpack-plugin": {
      "version": "4.3.1",
      "resolved": "https://registry.npmjs.org/copy-webpack-plugin/-/copy-webpack-plugin-4.3.1.tgz",
      "integrity": "sha512-xlcFiW/U7KrpS6dFuWq3r8Wb7koJx7QVc7LDFCosqkikaVSxkaYOnwDLwilbjrszZ0LYZXThDAJKcQCSrvdShQ==",
      "dev": true
    },
    "countup": {
      "version": "1.8.2",
      "resolved": "https://registry.npmjs.org/countup/-/countup-1.8.2.tgz",
      "integrity": "sha1-AhzMam+WRUDGsn7WRoGvJ/tV8BA="
    },
    "cropperjs": {
      "version": "1.2.2",
      "resolved": "https://registry.npmjs.org/cropperjs/-/cropperjs-1.2.2.tgz",
      "integrity": "sha512-E+QGUV9zqtV5t7Q/zQD/9vMc2eTJn5hm4MpmHAf12U9LXT815Hy2DSmj0B4a3Gacm7/OJ1MUDTomKGXJBP0osw=="
    },
    "css-hot-loader": {
      "version": "1.3.5",
      "resolved": "https://registry.npmjs.org/css-hot-loader/-/css-hot-loader-1.3.5.tgz",
      "integrity": "sha512-wErl3yRqftt2YAe/cBidwIyJW+vhc/VqcqJ0tIAb5NzNPllz+pT0oA2f6SI3vL1Y/wHAVjW8fz/yLtkKp0z4NQ==",
      "dev": true,
      "dependencies": {
        "loader-utils": {
          "version": "1.1.0",
          "resolved": "https://registry.npmjs.org/loader-utils/-/loader-utils-1.1.0.tgz",
          "integrity": "sha1-yYrvSIvM7aL/teLeZG1qdUQp9c0="
        }
      }
    },
    "css-loader": {
      "version": "0.28.8",
      "resolved": "https://registry.npmjs.org/css-loader/-/css-loader-0.28.8.tgz",
      "integrity": "sha512-4jGj7Ag6WUZ5lQyE4te9sJLn0lgkz6HI3WDE4aw98AkW1IAKXPP4blTpPeorlLDpNsYvojo0SYgRJOdz2KbuAw==",
      "dev": true,
      "dependencies": {
        "loader-utils": {
          "version": "1.1.0",
          "resolved": "https://registry.npmjs.org/loader-utils/-/loader-utils-1.1.0.tgz",
          "integrity": "sha1-yYrvSIvM7aL/teLeZG1qdUQp9c0="
        }
      }
    },
    "echarts": {
      "version": "3.8.5",
      "resolved": "https://registry.npmjs.org/echarts/-/echarts-3.8.5.tgz",
      "integrity": "sha512-E+nnROMfCeiLeoT/fZyX8SE8mKzwkTjyemyoBF543oqjRtjTSKQAVDEihMXy4oC6pJS0tYGdMqCA2ATk8onyRg=="
    },
    "ejs-loader": {
      "version": "0.3.0",
      "resolved": "https://registry.npmjs.org/ejs-loader/-/ejs-loader-0.3.0.tgz",
      "integrity": "sha1-aHNv3CMaSQ7fkZpkRq2dkFWlh74=",
      "dev": true,
      "dependencies": {
        "lodash": {
          "version": "3.10.1",
          "resolved": "https://registry.npmjs.org/lodash/-/lodash-3.10.1.tgz",
          "integrity": "sha1-W/Rejkm6QYnhfUgnid/RW9FAt7Y="
        }
      }
    },
    "eslint": {
      "version": "4.15.0",
      "resolved": "https://registry.npmjs.org/eslint/-/eslint-4.15.0.tgz",
      "integrity": "sha512-zEO/Z1ZUxIQ+MhDVKkVTUYpIPDTEJLXGMrkID+5v1NeQHtCz6FZikWuFRgxE1Q/RV2V4zVl1u3xmpPADHhMZ6A==",
      "dev": true,
      "dependencies": {
        "ansi-regex": {
          "version": "3.0.0",
          "resolved": "https://registry.npmjs.org/ansi-regex/-/ansi-regex-3.0.0.tgz",
          "integrity": "sha1-7QMXwyIGT3lGbAKWa922Bas32Zg="
        },
        "ansi-styles": {
          "version": "3.2.0",
          "resolved": "https://registry.npmjs.org/ansi-styles/-/ansi-styles-3.2.0.tgz",
          "integrity": "sha512-NnSOmMEYtVR2JVMIGTzynRkkaxtiq1xnFBcdQD/DnNCYPoEPsVJhM98BDyaoNOQIi7p4okdi3E27eN7GQbsUug=="
        },
        "chalk": {
          "version": "2.3.0",
          "resolved": "https://registry.npmjs.org/chalk/-/chalk-2.3.0.tgz",
          "integrity": "sha512-Az5zJR2CBujap2rqXGaJKaPHyJ0IrUimvYNX+ncCy8PJP4ltOGTrHUIo097ZaL2zMeKYpiCdqDvS6zdrTFok3Q=="
        },
        "esprima": {
          "version": "4.0.0",
          "resolved": "https://registry.npmjs.org/esprima/-/esprima-4.0.0.tgz",
          "integrity": "sha512-oftTcaMu/EGrEIu904mWteKIv8vMuOgGYo7EhVJJN00R/EED9DCua/xxHRdYnKtcECzVg7xOWhflvJMnqcFZjw=="
        },
        "globals": {
          "version": "11.1.0",
          "resolved": "https://registry.npmjs.org/globals/-/globals-11.1.0.tgz",
          "integrity": "sha512-uEuWt9mqTlPDwSqi+sHjD4nWU/1N+q0fiWI9T1mZpD2UENqX20CFD5T/ziLZvztPaBKl7ZylUi1q6Qfm7E2CiQ=="
        },
        "has-flag": {
          "version": "2.0.0",
          "resolved": "https://registry.npmjs.org/has-flag/-/has-flag-2.0.0.tgz",
          "integrity": "sha1-6CB68cx7MNRGzHC3NLXovhj4jVE="
        },
        "js-yaml": {
          "version": "3.10.0",
          "resolved": "https://registry.npmjs.org/js-yaml/-/js-yaml-3.10.0.tgz",
          "integrity": "sha512-O2v52ffjLa9VeM43J4XocZE//WT9N0IiwDa3KSHH7Tu8CtH+1qM8SIZvnsTh6v+4yFy5KUY3BHUVwjpfAWsjIA=="
        },
        "strip-ansi": {
          "version": "4.0.0",
          "resolved": "https://registry.npmjs.org/strip-ansi/-/strip-ansi-4.0.0.tgz",
          "integrity": "sha1-qEeQIusaw2iocTibY1JixQXuNo8="
        },
        "supports-color": {
          "version": "4.5.0",
          "resolved": "https://registry.npmjs.org/supports-color/-/supports-color-4.5.0.tgz",
          "integrity": "sha1-vnoN5ITexcXN34s9WRJQRJEvY1s="
        }
      }
    },
    "eslint-config-google": {
      "version": "0.9.1",
      "resolved": "https://registry.npmjs.org/eslint-config-google/-/eslint-config-google-0.9.1.tgz",
      "integrity": "sha512-5A83D+lH0PA81QMESKbLJd/a3ic8tPZtwUmqNrxMRo54nfFaUvtt89q/+icQ+fd66c2xQHn0KyFkzJDoAUfpZA==",
      "dev": true
    },
    "eslint-config-standard": {
      "version": "10.2.1",
      "resolved": "https://registry.npmjs.org/eslint-config-standard/-/eslint-config-standard-10.2.1.tgz",
      "integrity": "sha1-wGHk0GbzedwXzVYsZOgZtN1FRZE=",
      "dev": true
    },
    "eslint-plugin-html": {
      "version": "4.0.1",
      "resolved": "https://registry.npmjs.org/eslint-plugin-html/-/eslint-plugin-html-4.0.1.tgz",
      "integrity": "sha512-w8mmUJQjtDMUNbw3NOa4+PjOH/r4W5T+RN2nCmYgXv+QHx+NiBodnbPHXmJFJgo7Dr0Yk4G/2LCIRhfKceNmNA==",
      "dev": true
    },
    "eslint-plugin-import": {
      "version": "2.8.0",
      "resolved": "https://registry.npmjs.org/eslint-plugin-import/-/eslint-plugin-import-2.8.0.tgz",
      "integrity": "sha512-Rf7dfKJxZ16QuTgVv1OYNxkZcsu/hULFnC+e+w0Gzi6jMC3guQoWQgxYxc54IDRinlb6/0v5z/PxxIKmVctN+g==",
      "dev": true,
      "dependencies": {
        "debug": {
          "version": "2.6.9",
          "resolved": "https://registry.npmjs.org/debug/-/debug-2.6.9.tgz",
          "integrity": "sha512-bC7ElrdJaJnPbAP+1EotYvqZsb3ecl5wi6Bfi6BJTUcNowp6cvspg0jXznRTKDjm/E7AdgFBVeAPVMNcKGsHMA=="
        },
        "doctrine": {
          "version": "1.5.0",
          "resolved": "https://registry.npmjs.org/doctrine/-/doctrine-1.5.0.tgz",
          "integrity": "sha1-N53Ocw9hZvds76TmcHoVmwLFpvo="
        }
      }
    },
    "eslint-plugin-node": {
      "version": "5.2.1",
      "resolved": "https://registry.npmjs.org/eslint-plugin-node/-/eslint-plugin-node-5.2.1.tgz",
      "integrity": "sha512-xhPXrh0Vl/b7870uEbaumb2Q+LxaEcOQ3kS1jtIXanBAwpMre1l5q/l2l/hESYJGEFKuI78bp6Uw50hlpr7B+g==",
      "dev": true,
      "dependencies": {
        "semver": {
          "version": "5.3.0",
          "resolved": "https://registry.npmjs.org/semver/-/semver-5.3.0.tgz",
          "integrity": "sha1-myzl094C0XxgEq0yaqa00M9U+U8="
        }
      }
    },
    "eslint-plugin-promise": {
      "version": "3.6.0",
      "resolved": "https://registry.npmjs.org/eslint-plugin-promise/-/eslint-plugin-promise-3.6.0.tgz",
      "integrity": "sha512-YQzM6TLTlApAr7Li8vWKR+K3WghjwKcYzY0d2roWap4SLK+kzuagJX/leTetIDWsFcTFnKNJXWupDCD6aZkP2Q==",
      "dev": true
    },
    "eslint-plugin-standard": {
      "version": "3.0.1",
      "resolved": "https://registry.npmjs.org/eslint-plugin-standard/-/eslint-plugin-standard-3.0.1.tgz",
      "integrity": "sha1-NNDJFbRe3G8BA5PH7vOCOwhWXPI=",
      "dev": true
    },
    "extract-text-webpack-plugin": {
      "version": "3.0.2",
      "resolved": "https://registry.npmjs.org/extract-text-webpack-plugin/-/extract-text-webpack-plugin-3.0.2.tgz",
      "integrity": "sha512-bt/LZ4m5Rqt/Crl2HiKuAl/oqg0psx1tsTLkvWbJen1CtD+fftkZhMaQ9HOtY2gWsl2Wq+sABmMVi9z3DhKWQQ==",
      "dev": true,
      "dependencies": {
        "loader-utils": {
          "version": "1.1.0",
          "resolved": "https://registry.npmjs.org/loader-utils/-/loader-utils-1.1.0.tgz",
          "integrity": "sha1-yYrvSIvM7aL/teLeZG1qdUQp9c0="
        }
      }
    },
    "file-loader": {
      "version": "1.1.6",
      "resolved": "https://registry.npmjs.org/file-loader/-/file-loader-1.1.6.tgz",
      "integrity": "sha512-873ztuL+/hfvXbLDJ262PGO6XjERnybJu2gW1/5j8HUfxSiFJI9Hj/DhZ50ZGRUxBvuNiazb/cM2rh9pqrxP6Q==",
      "dev": true,
      "dependencies": {
        "loader-utils": {
          "version": "1.1.0",
          "resolved": "https://registry.npmjs.org/loader-utils/-/loader-utils-1.1.0.tgz",
          "integrity": "sha1-yYrvSIvM7aL/teLeZG1qdUQp9c0="
        }
      }
    },
    "happypack": {
      "version": "4.0.0",
      "resolved": "https://registry.npmjs.org/happypack/-/happypack-4.0.0.tgz",
      "integrity": "sha1-3hdw1HLasz4/MXgqPttOd8xlhjE=",
      "dev": true,
      "dependencies": {
        "async": {
          "version": "1.5.0",
          "resolved": "https://registry.npmjs.org/async/-/async-1.5.0.tgz",
          "integrity": "sha1-J5ZkJyNXOFlWVjP8YnRES+4vjOM="
        },
        "loader-utils": {
          "version": "1.1.0",
          "resolved": "https://registry.npmjs.org/loader-utils/-/loader-utils-1.1.0.tgz",
          "integrity": "sha1-yYrvSIvM7aL/teLeZG1qdUQp9c0="
        }
      }
    },
    "html-loader": {
      "version": "0.5.4",
      "resolved": "https://registry.npmjs.org/html-loader/-/html-loader-0.5.4.tgz",
      "integrity": "sha512-Raq4yO8GmXcaGxU87P0ukObpBdXFzVnVERJVuR3JPJ5wD2h5owLeyGpCrZ4GHcmlAm80Lh8S4CYjn7YlxGVCkg==",
      "dev": true,
      "dependencies": {
        "loader-utils": {
          "version": "1.1.0",
          "resolved": "https://registry.npmjs.org/loader-utils/-/loader-utils-1.1.0.tgz",
          "integrity": "sha1-yYrvSIvM7aL/teLeZG1qdUQp9c0="
        }
      }
    },
    "html-webpack-plugin": {
      "version": "2.30.1",
      "resolved": "https://registry.npmjs.org/html-webpack-plugin/-/html-webpack-plugin-2.30.1.tgz",
      "integrity": "sha1-f5xCG36pHsRg9WUn1430hO51N9U=",
      "dev": true
    },
    "html2canvas": {
      "version": "0.5.0-beta4",
      "resolved": "https://registry.npmjs.org/html2canvas/-/html2canvas-0.5.0-beta4.tgz",
      "integrity": "sha1-goLGKsX9eBaPVwK15IdxV8qT854="
    },
    "iview": {
      "version": "2.8.0",
      "resolved": "https://registry.npmjs.org/iview/-/iview-2.8.0.tgz",
      "integrity": "sha512-S7T/tJhmuTH8apRGtLdVj32Mn3j6EVlWjmaCATXzZkm1NBTmTXtgv4tkgIWU4trEuVtNgwEvS+nNgXnAAnn35Q=="
    },
    "iview-area": {
      "version": "1.5.14",
      "resolved": "https://registry.npmjs.org/iview-area/-/iview-area-1.5.14.tgz",
      "integrity": "sha512-vvwH1dW58ASO0e/BCHf2PG/jBOu3oLLqeR3JXiNdn547zukbcTueV9FuSQNxZgutN86N3rwHfiSocfXWK/bNxA=="
    },
    "js-cookie": {
      "version": "2.2.0",
      "resolved": "https://registry.npmjs.org/js-cookie/-/js-cookie-2.2.0.tgz",
      "integrity": "sha1-Gywnmm7s44ChIWi5JIUmWzWx7/s="
    },
    "js-md5": {
      "version": "0.7.3",
      "resolved": "https://registry.npm.taobao.org/js-md5/download/js-md5-0.7.3.tgz",
      "integrity": "sha1-tPL7sLMnRV9ZjWcn447Ccs0Jw/I="
    },
    "less": {
      "version": "2.7.3",
      "resolved": "https://registry.npmjs.org/less/-/less-2.7.3.tgz",
      "integrity": "sha512-KPdIJKWcEAb02TuJtaLrhue0krtRLoRoo7x6BNJIBelO00t/CCdJQUnHW5V34OnHMWzIktSalJxRO+FvytQlCQ==",
      "dev": true
    },
    "less-loader": {
      "version": "4.0.5",
      "resolved": "https://registry.npmjs.org/less-loader/-/less-loader-4.0.5.tgz",
      "integrity": "sha1-rhVadAbKxqzSk9eFWH/P8PR4xN0=",
      "dev": true,
      "dependencies": {
        "clone": {
          "version": "2.1.1",
          "resolved": "https://registry.npmjs.org/clone/-/clone-2.1.1.tgz",
          "integrity": "sha1-0hfR6WERjjrJpLi7oyhVU79kfNs="
        },
        "loader-utils": {
          "version": "1.1.0",
          "resolved": "https://registry.npmjs.org/loader-utils/-/loader-utils-1.1.0.tgz",
          "integrity": "sha1-yYrvSIvM7aL/teLeZG1qdUQp9c0="
        },
        "pify": {
          "version": "2.3.0",
          "resolved": "https://registry.npmjs.org/pify/-/pify-2.3.0.tgz",
          "integrity": "sha1-7RQaasBDqEnqWISY59yosVMw6Qw="
        }
      }
    },
    "rasterizehtml": {
      "version": "1.2.4",
      "resolved": "https://registry.npmjs.org/rasterizehtml/-/rasterizehtml-1.2.4.tgz",
      "integrity": "sha1-pXYSDVrv5+pYckvcWACi0ecwQ/Q="
    },
    "semver": {
      "version": "5.4.1",
      "resolved": "https://registry.npmjs.org/semver/-/semver-5.4.1.tgz",
      "integrity": "sha512-WfG/X9+oATh81XtllIo/I8gOiY9EXRdv1cQdyykeXK17YcUW3EXUAi2To4pcH6nZtJPr7ZOpM5OMyWJZm+8Rsg==",
      "dev": true
    },
    "simplemde": {
      "version": "1.11.2",
      "resolved": "https://registry.npmjs.org/simplemde/-/simplemde-1.11.2.tgz",
      "integrity": "sha1-ojo12XjSxA7wfewAjJLwcNjggOM="
    },
    "sortablejs": {
      "version": "1.7.0",
      "resolved": "https://registry.npmjs.org/sortablejs/-/sortablejs-1.7.0.tgz",
      "integrity": "sha1-gKKyNwq9Vo4c7IwnETHvMKkE+ig="
    },
    "style-loader": {
      "version": "0.19.1",
      "resolved": "https://registry.npmjs.org/style-loader/-/style-loader-0.19.1.tgz",
      "integrity": "sha512-IRE+ijgojrygQi3rsqT0U4dd+UcPCqcVvauZpCnQrGAlEe+FUIyrK93bUDScamesjP08JlQNsFJU+KmPedP5Og==",
      "dev": true,
      "dependencies": {
        "loader-utils": {
          "version": "1.1.0",
          "resolved": "https://registry.npmjs.org/loader-utils/-/loader-utils-1.1.0.tgz",
          "integrity": "sha1-yYrvSIvM7aL/teLeZG1qdUQp9c0="
        }
      }
    },
    "tinymce": {
      "version": "4.7.4",
      "resolved": "https://registry.npmjs.org/tinymce/-/tinymce-4.7.4.tgz",
      "integrity": "sha1-HX67GSqhwjjLn8g1A3bC6i77iJE="
    },
    "unsupported": {
      "version": "1.1.0",
      "resolved": "https://registry.npmjs.org/unsupported/-/unsupported-1.1.0.tgz",
      "integrity": "sha1-xYeJryig4/tFzLJzSjCt0Umn9Nw=",
      "dev": true
    },
    "url-loader": {
      "version": "0.6.2",
      "resolved": "https://registry.npmjs.org/url-loader/-/url-loader-0.6.2.tgz",
      "integrity": "sha512-h3qf9TNn53BpuXTTcpC+UehiRrl0Cv45Yr/xWayApjw6G8Bg2dGke7rIwDQ39piciWCWrC+WiqLjOh3SUp9n0Q==",
      "dev": true,
      "dependencies": {
        "loader-utils": {
          "version": "1.1.0",
          "resolved": "https://registry.npmjs.org/loader-utils/-/loader-utils-1.1.0.tgz",
          "integrity": "sha1-yYrvSIvM7aL/teLeZG1qdUQp9c0="
        }
      }
    },
    "vue": {
      "version": "2.5.13",
      "resolved": "https://registry.npmjs.org/vue/-/vue-2.5.13.tgz",
      "integrity": "sha512-3D+lY7HTkKbtswDM4BBHgqyq+qo8IAEE8lz8va1dz3LLmttjgo0FxairO4r1iN2OBqk8o1FyL4hvzzTFEdQSEw=="
    },
    "vue-hot-reload-api": {
      "version": "2.2.4",
      "resolved": "https://registry.npmjs.org/vue-hot-reload-api/-/vue-hot-reload-api-2.2.4.tgz",
      "integrity": "sha512-e+ThJMYmZg4D9UnrLcr6LQxGu6YlcxkrmZGPCyIN4malcNhdeGGKxmFuM5y6ICMJJxQywLfT8MM1rYZr4LpeLw==",
      "dev": true
    },
    "vue-html-loader": {
      "version": "1.2.4",
      "resolved": "https://registry.npmjs.org/vue-html-loader/-/vue-html-loader-1.2.4.tgz",
      "integrity": "sha1-VM5Im+BgZckdwqEXMSLz4ATgolM=",
      "dev": true,
      "dependencies": {
        "async": {
          "version": "0.2.10",
          "resolved": "https://registry.npmjs.org/async/-/async-0.2.10.tgz",
          "integrity": "sha1-trvgsGdLnXGXCMo43owjfLUmw9E="
        },
        "clean-css": {
          "version": "3.4.28",
          "resolved": "https://registry.npmjs.org/clean-css/-/clean-css-3.4.28.tgz",
          "integrity": "sha1-vxlF6C/ICPVWlebd6uwBQA79A/8=",
          "dependencies": {
            "commander": {
              "version": "2.8.1",
              "resolved": "https://registry.npmjs.org/commander/-/commander-2.8.1.tgz",
              "integrity": "sha1-Br42f+v9oMMwqh4qBy09yXYkJdQ="
            }
          }
        },
        "commander": {
          "version": "2.9.0",
          "resolved": "https://registry.npmjs.org/commander/-/commander-2.9.0.tgz",
          "integrity": "sha1-nJkJQXbhIkDLItbFFGCYQA/g99Q="
        },
        "html-minifier": {
          "version": "2.1.7",
          "resolved": "https://registry.npmjs.org/html-minifier/-/html-minifier-2.1.7.tgz",
          "integrity": "sha1-kFHW/LvPIU7TB+GtdPQyu5rWVcw="
        },
        "loader-utils": {
          "version": "1.1.0",
          "resolved": "https://registry.npmjs.org/loader-utils/-/loader-utils-1.1.0.tgz",
          "integrity": "sha1-yYrvSIvM7aL/teLeZG1qdUQp9c0="
        },
        "source-map": {
          "version": "0.4.4",
          "resolved": "https://registry.npmjs.org/source-map/-/source-map-0.4.4.tgz",
          "integrity": "sha1-66T12pwNyZneaAMti092FzZSA2s="
        },
        "uglify-js": {
          "version": "2.6.4",
          "resolved": "https://registry.npmjs.org/uglify-js/-/uglify-js-2.6.4.tgz",
          "integrity": "sha1-ZeovswWck5RpLxX+2HwrNsFrmt8=",
          "dependencies": {
            "source-map": {
              "version": "0.5.7",
              "resolved": "https://registry.npmjs.org/source-map/-/source-map-0.5.7.tgz",
              "integrity": "sha1-igOdLRAh0i0eoUyA2OpGi6LvP8w="
            }
          }
        }
      }
    },
    "vue-i18n": {
      "version": "5.0.3",
      "resolved": "https://registry.npmjs.org/vue-i18n/-/vue-i18n-5.0.3.tgz",
      "integrity": "sha1-ttlsyDJgQjfmE53kceDUyCCu2+0=",
      "dev": true
    },
    "vue-loader": {
      "version": "13.7.0",
      "resolved": "https://registry.npmjs.org/vue-loader/-/vue-loader-13.7.0.tgz",
      "integrity": "sha512-kDXRgglOOltghngrDFS/YfFew7e0d8fkvPHLYAfLgur7GW0cBt+J0fpBReWY2pixA09dL13abfE4fECyRH4HGg==",
      "dev": true,
      "dependencies": {
        "ansi-styles": {
          "version": "3.2.0",
          "resolved": "https://registry.npmjs.org/ansi-styles/-/ansi-styles-3.2.0.tgz",
          "integrity": "sha512-NnSOmMEYtVR2JVMIGTzynRkkaxtiq1xnFBcdQD/DnNCYPoEPsVJhM98BDyaoNOQIi7p4okdi3E27eN7GQbsUug=="
        },
        "chalk": {
          "version": "2.3.0",
          "resolved": "https://registry.npmjs.org/chalk/-/chalk-2.3.0.tgz",
          "integrity": "sha512-Az5zJR2CBujap2rqXGaJKaPHyJ0IrUimvYNX+ncCy8PJP4ltOGTrHUIo097ZaL2zMeKYpiCdqDvS6zdrTFok3Q==",
          "dependencies": {
            "supports-color": {
              "version": "4.5.0",
              "resolved": "https://registry.npmjs.org/supports-color/-/supports-color-4.5.0.tgz",
              "integrity": "sha1-vnoN5ITexcXN34s9WRJQRJEvY1s="
            }
          }
        },
        "has-flag": {
          "version": "2.0.0",
          "resolved": "https://registry.npmjs.org/has-flag/-/has-flag-2.0.0.tgz",
          "integrity": "sha1-6CB68cx7MNRGzHC3NLXovhj4jVE="
        },
        "loader-utils": {
          "version": "1.1.0",
          "resolved": "https://registry.npmjs.org/loader-utils/-/loader-utils-1.1.0.tgz",
          "integrity": "sha1-yYrvSIvM7aL/teLeZG1qdUQp9c0="
        },
        "postcss": {
          "version": "6.0.16",
          "resolved": "https://registry.npmjs.org/postcss/-/postcss-6.0.16.tgz",
          "integrity": "sha512-m758RWPmSjFH/2MyyG3UOW1fgYbR9rtdzz5UNJnlm7OLtu4B2h9C6gi+bE4qFKghsBRFfZT8NzoQBs6JhLotoA=="
        },
        "source-map": {
          "version": "0.6.1",
          "resolved": "https://registry.npmjs.org/source-map/-/source-map-0.6.1.tgz",
          "integrity": "sha512-UjgapumWlbMhkBgzT7Ykc5YXUT46F0iKu8SGXq0bcwP5dz/h0Plj6enJqjz1Zbq2l5WaqYnrVbwWOWMyF3F47g=="
        },
        "supports-color": {
          "version": "5.1.0",
          "resolved": "https://registry.npmjs.org/supports-color/-/supports-color-5.1.0.tgz",
          "integrity": "sha512-Ry0AwkoKjDpVKK4sV4h6o3UJmNRbjYm2uXhwfj3J56lMVdvnUNqzQVRztOOMGQ++w1K/TjNDFvpJk0F/LoeBCQ=="
        }
      }
    },
    "vue-router": {
      "version": "3.0.1",
      "resolved": "https://registry.npmjs.org/vue-router/-/vue-router-3.0.1.tgz",
      "integrity": "sha512-vLLoY452L+JBpALMP5UHum9+7nzR9PeIBCghU9ZtJ1eWm6ieUI8Zb/DI3MYxH32bxkjzYV1LRjNv4qr8d+uX/w=="
    },
    "vue-style-loader": {
      "version": "3.0.3",
      "resolved": "https://registry.npmjs.org/vue-style-loader/-/vue-style-loader-3.0.3.tgz",
      "integrity": "sha512-P/ihpaZKU23T1kq3E0y4c+F8sbm1HQO69EFYoLoGMSGVAHroHsGir/WQ9qUavP8dyFYHmXenzHaJ/nqd8vfaxw==",
      "dev": true,
      "dependencies": {
        "loader-utils": {
          "version": "1.1.0",
          "resolved": "https://registry.npmjs.org/loader-utils/-/loader-utils-1.1.0.tgz",
          "integrity": "sha1-yYrvSIvM7aL/teLeZG1qdUQp9c0="
        }
      }
    },
    "vue-table-with-tree-grid": {
      "version": "0.2.4",
      "resolved": "https://registry.npm.taobao.org/vue-table-with-tree-grid/download/vue-table-with-tree-grid-0.2.4.tgz",
      "integrity": "sha1-tgsigQq4Yb22aa+z1vAHmkzuUqQ="
    },
    "vue-template-compiler": {
      "version": "2.5.13",
      "resolved": "https://registry.npmjs.org/vue-template-compiler/-/vue-template-compiler-2.5.13.tgz",
      "integrity": "sha512-15HWSgIxrGUcV0v7QRen2Y3fQsbgxXwMvjT/5XKMO0ANmaCcNh7y2OeIDTAuSGeosjb9+E1Pn2PHZ61VQWEgBQ==",
      "dev": true
    },
    "vue-virtual-scroller": {
      "version": "0.10.6",
      "resolved": "https://registry.npmjs.org/vue-virtual-scroller/-/vue-virtual-scroller-0.10.6.tgz",
      "integrity": "sha512-jgZRhwvUtavHOk7Y+6N8XFTuE5WlVAGRlgtNG0vbG5d3QXLmyFjQi4Hs7GeyFTolU8n+bLXiRqfgyy8e3pJhOA=="
    },
    "vuex": {
      "version": "3.0.1",
      "resolved": "https://registry.npmjs.org/vuex/-/vuex-3.0.1.tgz",
      "integrity": "sha512-wLoqz0B7DSZtgbWL1ShIBBCjv22GV5U+vcBFox658g6V0s4wZV9P4YjCNyoHSyIBpj1f29JBoNQIqD82cR4O3w=="
    },
    "webpack": {
      "version": "3.10.0",
      "resolved": "https://registry.npmjs.org/webpack/-/webpack-3.10.0.tgz",
      "integrity": "sha512-fxxKXoicjdXNUMY7LIdY89tkJJJ0m1Oo8PQutZ5rLgWbV5QVKI15Cn7+/IHnRTd3vfKfiwBx6SBqlorAuNA8LA==",
      "dev": true,
      "dependencies": {
        "camelcase": {
          "version": "4.1.0",
          "resolved": "https://registry.npmjs.org/camelcase/-/camelcase-4.1.0.tgz",
          "integrity": "sha1-1UVjW+HjPFQmScaRc+Xeas+uNN0="
        },
        "cliui": {
          "version": "3.2.0",
          "resolved": "https://registry.npmjs.org/cliui/-/cliui-3.2.0.tgz",
          "integrity": "sha1-EgYBU3qRbSmUD5NNo7SNWFo5IT0=",
          "dependencies": {
            "string-width": {
              "version": "1.0.2",
              "resolved": "https://registry.npmjs.org/string-width/-/string-width-1.0.2.tgz",
              "integrity": "sha1-EYvfW4zcUaKn5w0hHgfisLmxB9M="
            }
          }
        },
        "has-flag": {
          "version": "2.0.0",
          "resolved": "https://registry.npmjs.org/has-flag/-/has-flag-2.0.0.tgz",
          "integrity": "sha1-6CB68cx7MNRGzHC3NLXovhj4jVE="
        },
        "is-fullwidth-code-point": {
          "version": "1.0.0",
          "resolved": "https://registry.npmjs.org/is-fullwidth-code-point/-/is-fullwidth-code-point-1.0.0.tgz",
          "integrity": "sha1-754xOG8DGn8NZDr4L95QxFfvAMs="
        },
        "loader-utils": {
          "version": "1.1.0",
          "resolved": "https://registry.npmjs.org/loader-utils/-/loader-utils-1.1.0.tgz",
          "integrity": "sha1-yYrvSIvM7aL/teLeZG1qdUQp9c0="
        },
        "supports-color": {
          "version": "4.5.0",
          "resolved": "https://registry.npmjs.org/supports-color/-/supports-color-4.5.0.tgz",
          "integrity": "sha1-vnoN5ITexcXN34s9WRJQRJEvY1s="
        },
        "yargs": {
          "version": "8.0.2",
          "resolved": "https://registry.npmjs.org/yargs/-/yargs-8.0.2.tgz",
          "integrity": "sha1-YpmpBVsc78lp/355wdkY3Osiw2A="
        }
      }
    },
    "webpack-dev-server": {
      "version": "2.10.1",
      "resolved": "https://registry.npmjs.org/webpack-dev-server/-/webpack-dev-server-2.10.1.tgz",
      "integrity": "sha512-R9iZOrbIIsP2mw2j172HVjf479Zb9kcG0chjzHRrE/4M333NZ+3jOWRWJMGEQXwJzUtRNvVKzX2o27qM59TIhQ==",
      "dev": true,
      "dependencies": {
        "ansi-regex": {
          "version": "3.0.0",
          "resolved": "https://registry.npmjs.org/ansi-regex/-/ansi-regex-3.0.0.tgz",
          "integrity": "sha1-7QMXwyIGT3lGbAKWa922Bas32Zg="
        },
        "anymatch": {
          "version": "2.0.0",
          "resolved": "https://registry.npmjs.org/anymatch/-/anymatch-2.0.0.tgz",
          "integrity": "sha512-5teOsQWABXHHBFP9y3skS5P3d/WfWXpv3FUpy+LorMrNYaT9pI4oLMQX7jzQ2KklNpGpWHzdCXTDT2Y3XGlZBw=="
        },
        "arr-diff": {
          "version": "4.0.0",
          "resolved": "https://registry.npmjs.org/arr-diff/-/arr-diff-4.0.0.tgz",
          "integrity": "sha1-1kYQdP6/7HHn4VI1dhoyml3HxSA="
        },
        "array-unique": {
          "version": "0.3.2",
          "resolved": "https://registry.npmjs.org/array-unique/-/array-unique-0.3.2.tgz",
          "integrity": "sha1-qJS3XUvE9s1nnvMkSp/Y9Gri1Cg="
        },
        "braces": {
          "version": "2.3.0",
          "resolved": "https://registry.npmjs.org/braces/-/braces-2.3.0.tgz",
          "integrity": "sha512-P4O8UQRdGiMLWSizsApmXVQDBS6KCt7dSexgLKBmH5Hr1CZq7vsnscFh8oR1sP1ab1Zj0uCHCEzZeV6SfUf3rA=="
        },
        "camelcase": {
          "version": "3.0.0",
          "resolved": "https://registry.npmjs.org/camelcase/-/camelcase-3.0.0.tgz",
          "integrity": "sha1-MvxLn82vhF/N9+c7uXysImHwqwo="
        },
        "chokidar": {
          "version": "2.0.0",
          "resolved": "https://registry.npmjs.org/chokidar/-/chokidar-2.0.0.tgz",
          "integrity": "sha512-OgXCNv2U6TnG04D3tth0gsvdbV4zdbxFG3sYUqcoQMoEFVd1j1pZR6TZ8iknC45o9IJ6PeQI/J6wT/+cHcniAw=="
        },
        "cliui": {
          "version": "3.2.0",
          "resolved": "https://registry.npmjs.org/cliui/-/cliui-3.2.0.tgz",
          "integrity": "sha1-EgYBU3qRbSmUD5NNo7SNWFo5IT0=",
          "dependencies": {
            "ansi-regex": {
              "version": "2.1.1",
              "resolved": "https://registry.npmjs.org/ansi-regex/-/ansi-regex-2.1.1.tgz",
              "integrity": "sha1-w7M6te42DYbg5ijwRorn7yfWVN8="
            },
            "strip-ansi": {
              "version": "3.0.1",
              "resolved": "https://registry.npmjs.org/strip-ansi/-/strip-ansi-3.0.1.tgz",
              "integrity": "sha1-ajhfuIU9lS1f8F0Oiq+UJ43GPc8="
            }
          }
        },
        "del": {
          "version": "3.0.0",
          "resolved": "https://registry.npmjs.org/del/-/del-3.0.0.tgz",
          "integrity": "sha1-U+z2mf/LyzljdpGrE7rxYIGXZuU="
        },
        "expand-brackets": {
          "version": "2.1.4",
          "resolved": "https://registry.npmjs.org/expand-brackets/-/expand-brackets-2.1.4.tgz",
          "integrity": "sha1-t3c14xXOMPa27/D4OwQVGiJEliI=",
          "dependencies": {
            "debug": {
              "version": "2.6.9",
              "resolved": "https://registry.npmjs.org/debug/-/debug-2.6.9.tgz",
              "integrity": "sha512-bC7ElrdJaJnPbAP+1EotYvqZsb3ecl5wi6Bfi6BJTUcNowp6cvspg0jXznRTKDjm/E7AdgFBVeAPVMNcKGsHMA=="
            },
            "define-property": {
              "version": "0.2.5",
              "resolved": "https://registry.npmjs.org/define-property/-/define-property-0.2.5.tgz",
              "integrity": "sha1-w1se+RjsPJkPmlvFe+BKrOxcgRY="
            }
          }
        },
        "extglob": {
          "version": "2.0.3",
          "resolved": "https://registry.npmjs.org/extglob/-/extglob-2.0.3.tgz",
          "integrity": "sha512-AyptZexgu7qppEPq59DtN/XJGZDrLcVxSHai+4hdgMMS9EpF4GBvygcWWApno8lL9qSjVpYt7Raao28qzJX1ww=="
        },
        "fill-range": {
          "version": "4.0.0",
          "resolved": "https://registry.npmjs.org/fill-range/-/fill-range-4.0.0.tgz",
          "integrity": "sha1-1USBHUKPmOsGpj3EAtJAPDKMOPc="
        },
        "find-up": {
          "version": "1.1.2",
          "resolved": "https://registry.npmjs.org/find-up/-/find-up-1.1.2.tgz",
          "integrity": "sha1-ay6YIrGizgpgq2TWEOzK1TyyTQ8="
        },
        "glob-parent": {
          "version": "3.1.0",
          "resolved": "https://registry.npmjs.org/glob-parent/-/glob-parent-3.1.0.tgz",
          "integrity": "sha1-nmr2KZ2NO9K9QEMIMr0RPfkGxa4=",
          "dependencies": {
            "is-glob": {
              "version": "3.1.0",
              "resolved": "https://registry.npmjs.org/is-glob/-/is-glob-3.1.0.tgz",
              "integrity": "sha1-e6WuJCF4BKxwcHuWkiVnSGzD6Eo="
            }
          }
        },
        "globby": {
          "version": "6.1.0",
          "resolved": "https://registry.npmjs.org/globby/-/globby-6.1.0.tgz",
          "integrity": "sha1-9abXDoOV4hyFj7BInWTfAkJNUGw=",
          "dependencies": {
            "pify": {
              "version": "2.3.0",
              "resolved": "https://registry.npmjs.org/pify/-/pify-2.3.0.tgz",
              "integrity": "sha1-7RQaasBDqEnqWISY59yosVMw6Qw="
            }
          }
        },
        "has-flag": {
          "version": "2.0.0",
          "resolved": "https://registry.npmjs.org/has-flag/-/has-flag-2.0.0.tgz",
          "integrity": "sha1-6CB68cx7MNRGzHC3NLXovhj4jVE="
        },
        "is-accessor-descriptor": {
          "version": "0.1.6",
          "resolved": "https://registry.npmjs.org/is-accessor-descriptor/-/is-accessor-descriptor-0.1.6.tgz",
          "integrity": "sha1-qeEss66Nh2cn7u84Q/igiXtcmNY=",
          "dependencies": {
            "kind-of": {
              "version": "3.2.2",
              "resolved": "https://registry.npmjs.org/kind-of/-/kind-of-3.2.2.tgz",
              "integrity": "sha1-MeohpzS6ubuw8yRm2JOupR5KPGQ="
            }
          }
        },
        "is-data-descriptor": {
          "version": "0.1.4",
          "resolved": "https://registry.npmjs.org/is-data-descriptor/-/is-data-descriptor-0.1.4.tgz",
          "integrity": "sha1-C17mSDiOLIYCgueT8YVv7D8wG1Y=",
          "dependencies": {
            "kind-of": {
              "version": "3.2.2",
              "resolved": "https://registry.npmjs.org/kind-of/-/kind-of-3.2.2.tgz",
              "integrity": "sha1-MeohpzS6ubuw8yRm2JOupR5KPGQ="
            }
          }
        },
        "is-descriptor": {
          "version": "0.1.6",
          "resolved": "https://registry.npmjs.org/is-descriptor/-/is-descriptor-0.1.6.tgz",
          "integrity": "sha512-avDYr0SB3DwO9zsMov0gKCESFYqCnE4hq/4z3TdUlukEy5t9C0YRq7HLrsN52NAcqXKaepeCD0n+B0arnVG3Hg==",
          "dependencies": {
            "kind-of": {
              "version": "5.1.0",
              "resolved": "https://registry.npmjs.org/kind-of/-/kind-of-5.1.0.tgz",
              "integrity": "sha512-NGEErnH6F2vUuXDh+OlbcKW7/wOcfdRHaZ7VWtqCztfHri/++YKmP51OdWeGPuqCOba6kk2OTe5d02VmTB80Pw=="
            }
          }
        },
        "is-fullwidth-code-point": {
          "version": "1.0.0",
          "resolved": "https://registry.npmjs.org/is-fullwidth-code-point/-/is-fullwidth-code-point-1.0.0.tgz",
          "integrity": "sha1-754xOG8DGn8NZDr4L95QxFfvAMs="
        },
        "is-number": {
          "version": "3.0.0",
          "resolved": "https://registry.npmjs.org/is-number/-/is-number-3.0.0.tgz",
          "integrity": "sha1-JP1iAaR4LPUFYcgQJ2r8fRLXEZU=",
          "dependencies": {
            "kind-of": {
              "version": "3.2.2",
              "resolved": "https://registry.npmjs.org/kind-of/-/kind-of-3.2.2.tgz",
              "integrity": "sha1-MeohpzS6ubuw8yRm2JOupR5KPGQ="
            }
          }
        },
        "isobject": {
          "version": "3.0.1",
          "resolved": "https://registry.npmjs.org/isobject/-/isobject-3.0.1.tgz",
          "integrity": "sha1-TkMekrEalzFjaqH5yNHMvP2reN8="
        },
        "kind-of": {
          "version": "6.0.2",
          "resolved": "https://registry.npmjs.org/kind-of/-/kind-of-6.0.2.tgz",
          "integrity": "sha512-s5kLOcnH0XqDO+FvuaLX8DDjZ18CGFk7VygH40QoKPUQhW4e2rvM0rwUq0t8IQDOwYSeLK01U90OjzBTme2QqA=="
        },
        "load-json-file": {
          "version": "1.1.0",
          "resolved": "https://registry.npmjs.org/load-json-file/-/load-json-file-1.1.0.tgz",
          "integrity": "sha1-lWkFcI1YtLq0wiYbBPWfMcmTdMA=",
          "dependencies": {
            "pify": {
              "version": "2.3.0",
              "resolved": "https://registry.npmjs.org/pify/-/pify-2.3.0.tgz",
              "integrity": "sha1-7RQaasBDqEnqWISY59yosVMw6Qw="
            }
          }
        },
        "micromatch": {
          "version": "3.1.5",
          "resolved": "https://registry.npmjs.org/micromatch/-/micromatch-3.1.5.tgz",
          "integrity": "sha512-ykttrLPQrz1PUJcXjwsTUjGoPJ64StIGNE2lGVD1c9CuguJ+L7/navsE8IcDNndOoCMvYV0qc/exfVbMHkUhvA=="
        },
        "os-locale": {
          "version": "1.4.0",
          "resolved": "https://registry.npmjs.org/os-locale/-/os-locale-1.4.0.tgz",
          "integrity": "sha1-IPnxeuKe00XoveWDsT0gCYA8FNk="
        },
        "path-exists": {
          "version": "2.1.0",
          "resolved": "https://registry.npmjs.org/path-exists/-/path-exists-2.1.0.tgz",
          "integrity": "sha1-D+tsZPD8UY2adU3V77YscCJ2H0s="
        },
        "path-type": {
          "version": "1.1.0",
          "resolved": "https://registry.npmjs.org/path-type/-/path-type-1.1.0.tgz",
          "integrity": "sha1-WcRPfuSR2nBNpBXaWkBwuk+P5EE=",
          "dependencies": {
            "pify": {
              "version": "2.3.0",
              "resolved": "https://registry.npmjs.org/pify/-/pify-2.3.0.tgz",
              "integrity": "sha1-7RQaasBDqEnqWISY59yosVMw6Qw="
            }
          }
        },
        "read-pkg": {
          "version": "1.1.0",
          "resolved": "https://registry.npmjs.org/read-pkg/-/read-pkg-1.1.0.tgz",
          "integrity": "sha1-9f+qXs0pyzHAR0vKfXVra7KePyg="
        },
        "read-pkg-up": {
          "version": "1.0.1",
          "resolved": "https://registry.npmjs.org/read-pkg-up/-/read-pkg-up-1.0.1.tgz",
          "integrity": "sha1-nWPBMnbAZZGNV/ACpX9AobZD+wI="
        },
        "string-width": {
          "version": "1.0.2",
          "resolved": "https://registry.npmjs.org/string-width/-/string-width-1.0.2.tgz",
          "integrity": "sha1-EYvfW4zcUaKn5w0hHgfisLmxB9M=",
          "dependencies": {
            "ansi-regex": {
              "version": "2.1.1",
              "resolved": "https://registry.npmjs.org/ansi-regex/-/ansi-regex-2.1.1.tgz",
              "integrity": "sha1-w7M6te42DYbg5ijwRorn7yfWVN8="
            },
            "strip-ansi": {
              "version": "3.0.1",
              "resolved": "https://registry.npmjs.org/strip-ansi/-/strip-ansi-3.0.1.tgz",
              "integrity": "sha1-ajhfuIU9lS1f8F0Oiq+UJ43GPc8="
            }
          }
        },
        "strip-ansi": {
          "version": "4.0.0",
          "resolved": "https://registry.npmjs.org/strip-ansi/-/strip-ansi-4.0.0.tgz",
          "integrity": "sha1-qEeQIusaw2iocTibY1JixQXuNo8="
        },
        "strip-bom": {
          "version": "2.0.0",
          "resolved": "https://registry.npmjs.org/strip-bom/-/strip-bom-2.0.0.tgz",
          "integrity": "sha1-YhmoVhZSBJHzV4i9vxRHqZx+aw4="
        },
        "supports-color": {
          "version": "5.1.0",
          "resolved": "https://registry.npmjs.org/supports-color/-/supports-color-5.1.0.tgz",
          "integrity": "sha512-Ry0AwkoKjDpVKK4sV4h6o3UJmNRbjYm2uXhwfj3J56lMVdvnUNqzQVRztOOMGQ++w1K/TjNDFvpJk0F/LoeBCQ=="
        },
        "which-module": {
          "version": "1.0.0",
          "resolved": "https://registry.npmjs.org/which-module/-/which-module-1.0.0.tgz",
          "integrity": "sha1-u6Y8qGGUiZT/MHc2CJ47lgJsKk8="
        },
        "yargs": {
          "version": "6.6.0",
          "resolved": "https://registry.npmjs.org/yargs/-/yargs-6.6.0.tgz",
          "integrity": "sha1-eC7CHvQDNF+DCoCMo9UTr1YGUgg="
        },
        "yargs-parser": {
          "version": "4.2.1",
          "resolved": "https://registry.npmjs.org/yargs-parser/-/yargs-parser-4.2.1.tgz",
          "integrity": "sha1-KczqwNxPA8bIe0qfIX3RjJ90hxw="
        }
      }
    },
    "webpack-merge": {
      "version": "4.1.1",
      "resolved": "https://registry.npmjs.org/webpack-merge/-/webpack-merge-4.1.1.tgz",
      "integrity": "sha512-geQsZ86YkXOVOjvPC5yv3JSNnL6/X3Kzh935AQ/gJNEYXEfJDQFu/sdFuktS9OW2JcH/SJec8TGfRdrpHshH7A==",
      "dev": true
    },
    "webpack-uglify-parallel": {
      "version": "0.1.4",
      "resolved": "https://registry.npmjs.org/webpack-uglify-parallel/-/webpack-uglify-parallel-0.1.4.tgz",
      "integrity": "sha512-77o4FRaCtfPmoN6iXPkNBZsUMYV154GBSrVvRy/UnG/mm3FfChZKEqxu/fleJ8vhIZwuSL9SKHjc9gb3Io1N8Q==",
      "dev": true,
      "dependencies": {
        "uglify-js": {
          "version": "2.8.29",
          "resolved": "https://registry.npmjs.org/uglify-js/-/uglify-js-2.8.29.tgz",
          "integrity": "sha1-KcVzMUgFe7Th913zW3qcty5qWd0="
        }
      }
    }
  }
}
